
Microsoft Visual Studio Solution File, Format Version 12.00
# Visual Studio 15
VisualStudioVersion = 15.0.28307.1831
MinimumVisualStudioVersion = 10.0.40219.1
Project("{159641D6-6404-4A2A-AE62-294DE0FE8301}") = "SalesforceTemplate", "SalesforceTemplate\SalesforceTemplate.dtproj", "{27355CB5-317B-4568-A2A0-B9ADF5F04305}"
EndProject
Global
	GlobalSection(SolutionConfigurationPlatforms) = preSolution
		Development|Default = Development|Default
	EndGlobalSection
	GlobalSection(ProjectConfigurationPlatforms) = postSolution
		{27355CB5-317B-4568-A2A0-B9ADF5F04305}.Development|Default.ActiveCfg = Development
		{27355CB5-317B-4568-A2A0-B9ADF5F04305}.Development|Default.Build.0 = Development
	EndGlobalSection
	GlobalSection(SolutionProperties) = preSolution
		HideSolutionNode = FALSE
	EndGlobalSection
	GlobalSection(ExtensibilityGlobals) = postSolution
		SolutionGuid = {24201A5F-3E38-4D85-B509-0EF71DDABD03}
	EndGlobalSection
EndGlobal
